
Microsoft Visual Studio Solution File, Format Version 12.00
# Visual Studio Version 16
VisualStudioVersion = 16.0.31105.61
MinimumVisualStudioVersion = 10.0.40219.1
Project("{9A19103F-16F7-4668-BE54-9A1E7A4F7556}") = "Automaton.Studio", "Automaton.Studio\Automaton.Studio.csproj", "{13EDE8BF-E921-4AC3-A414-81AD263AD979}"
EndProject
Project("{9A19103F-16F7-4668-BE54-9A1E7A4F7556}") = "Automaton.Common", "Automaton.Common\Automaton.Common.csproj", "{6D5966D5-9E69-4CFD-B126-2328D9D8B892}"
EndProject
Project("{9A19103F-16F7-4668-BE54-9A1E7A4F7556}") = "AntDesign", "..\ant-design-blazor\components\AntDesign.csproj", "{ADCBBAB2-87DD-416E-9E61-79EFF73E21C6}"
EndProject
Project("{9A19103F-16F7-4668-BE54-9A1E7A4F7556}") = "Plk.Blazor.DragDrop", "..\blazor-dragdrop\Plk.Blazor.DragDrop\Plk.Blazor.DragDrop.csproj", "{89EE9AE6-77CA-4713-AD29-0F8DBA5C1A64}"
EndProject
Project("{2150E333-8FDC-42A3-9474-1A3956D46DE8}") = "Activities", "Activities", "{5C2D4526-00CA-4F4A-BE38-AD1F63BF7347}"
EndProject
Project("{9A19103F-16F7-4668-BE54-9A1E7A4F7556}") = "Automaton.Activity", "Automaton.Activities\Automaton.Activity\Automaton.Activity.csproj", "{342631FB-80BA-4B33-B401-6F700998D838}"
EndProject
Project("{9A19103F-16F7-4668-BE54-9A1E7A4F7556}") = "Automaton.Activity.WriteLine", "Automaton.Activities\Automaton.Activity.WriteLine\Automaton.Activity.WriteLine.csproj", "{33571B69-35F3-4214-9E06-591CA283E2EA}"
EndProject
Global
	GlobalSection(SolutionConfigurationPlatforms) = preSolution
		Debug|Any CPU = Debug|Any CPU
		Release|Any CPU = Release|Any CPU
	EndGlobalSection
	GlobalSection(ProjectConfigurationPlatforms) = postSolution
		{13EDE8BF-E921-4AC3-A414-81AD263AD979}.Debug|Any CPU.ActiveCfg = Debug|Any CPU
		{13EDE8BF-E921-4AC3-A414-81AD263AD979}.Debug|Any CPU.Build.0 = Debug|Any CPU
		{13EDE8BF-E921-4AC3-A414-81AD263AD979}.Release|Any CPU.ActiveCfg = Release|Any CPU
		{13EDE8BF-E921-4AC3-A414-81AD263AD979}.Release|Any CPU.Build.0 = Release|Any CPU
		{6D5966D5-9E69-4CFD-B126-2328D9D8B892}.Debug|Any CPU.ActiveCfg = Debug|Any CPU
		{6D5966D5-9E69-4CFD-B126-2328D9D8B892}.Debug|Any CPU.Build.0 = Debug|Any CPU
		{6D5966D5-9E69-4CFD-B126-2328D9D8B892}.Release|Any CPU.ActiveCfg = Release|Any CPU
		{6D5966D5-9E69-4CFD-B126-2328D9D8B892}.Release|Any CPU.Build.0 = Release|Any CPU
		{ADCBBAB2-87DD-416E-9E61-79EFF73E21C6}.Debug|Any CPU.ActiveCfg = Debug|Any CPU
		{ADCBBAB2-87DD-416E-9E61-79EFF73E21C6}.Debug|Any CPU.Build.0 = Debug|Any CPU
		{ADCBBAB2-87DD-416E-9E61-79EFF73E21C6}.Release|Any CPU.ActiveCfg = Release|Any CPU
		{ADCBBAB2-87DD-416E-9E61-79EFF73E21C6}.Release|Any CPU.Build.0 = Release|Any CPU
		{89EE9AE6-77CA-4713-AD29-0F8DBA5C1A64}.Debug|Any CPU.ActiveCfg = Debug|Any CPU
		{89EE9AE6-77CA-4713-AD29-0F8DBA5C1A64}.Debug|Any CPU.Build.0 = Debug|Any CPU
		{89EE9AE6-77CA-4713-AD29-0F8DBA5C1A64}.Release|Any CPU.ActiveCfg = Release|Any CPU
		{89EE9AE6-77CA-4713-AD29-0F8DBA5C1A64}.Release|Any CPU.Build.0 = Release|Any CPU
		{342631FB-80BA-4B33-B401-6F700998D838}.Debug|Any CPU.ActiveCfg = Debug|Any CPU
		{342631FB-80BA-4B33-B401-6F700998D838}.Debug|Any CPU.Build.0 = Debug|Any CPU
		{342631FB-80BA-4B33-B401-6F700998D838}.Release|Any CPU.ActiveCfg = Release|Any CPU
		{342631FB-80BA-4B33-B401-6F700998D838}.Release|Any CPU.Build.0 = Release|Any CPU
		{33571B69-35F3-4214-9E06-591CA283E2EA}.Debug|Any CPU.ActiveCfg = Debug|Any CPU
		{33571B69-35F3-4214-9E06-591CA283E2EA}.Debug|Any CPU.Build.0 = Debug|Any CPU
		{33571B69-35F3-4214-9E06-591CA283E2EA}.Release|Any CPU.ActiveCfg = Release|Any CPU
		{33571B69-35F3-4214-9E06-591CA283E2EA}.Release|Any CPU.Build.0 = Release|Any CPU
	EndGlobalSection
	GlobalSection(SolutionProperties) = preSolution
		HideSolutionNode = FALSE
	EndGlobalSection
	GlobalSection(NestedProjects) = preSolution
		{342631FB-80BA-4B33-B401-6F700998D838} = {5C2D4526-00CA-4F4A-BE38-AD1F63BF7347}
		{33571B69-35F3-4214-9E06-591CA283E2EA} = {5C2D4526-00CA-4F4A-BE38-AD1F63BF7347}
	EndGlobalSection
	GlobalSection(ExtensibilityGlobals) = postSolution
		SolutionGuid = {C5A89E79-D5BC-48DD-B0E4-72F011E38D0E}
	EndGlobalSection
EndGlobal
