
Microsoft Visual Studio Solution File, Format Version 12.00
# Visual Studio Version 16
VisualStudioVersion = 16.0.31105.61
MinimumVisualStudioVersion = 10.0.40219.1
Project("{9A19103F-16F7-4668-BE54-9A1E7A4F7556}") = "Automaton.Studio", "Automaton.Studio\Automaton.Studio.csproj", "{13EDE8BF-E921-4AC3-A414-81AD263AD979}"
EndProject
Project("{9A19103F-16F7-4668-BE54-9A1E7A4F7556}") = "Automaton.Runner.Core", "Automaton.Runner.Core\Automaton.Runner.Core.csproj", "{550F4616-1194-49B6-B91E-F13D0E52720E}"
EndProject
Project("{9A19103F-16F7-4668-BE54-9A1E7A4F7556}") = "Automaton.Runner", "Automaton.Runner\Automaton.Runner.csproj", "{E12DFF5D-7F16-4205-A397-255EDA870171}"
EndProject
Project("{9A19103F-16F7-4668-BE54-9A1E7A4F7556}") = "Automaton.Common", "Automaton.Common\Automaton.Common.csproj", "{BE05821D-5BE0-47C1-B2D0-9012BAE84C12}"
EndProject
Project("{9A19103F-16F7-4668-BE54-9A1E7A4F7556}") = "AntDesign", "..\ant-design-blazor\components\AntDesign.csproj", "{6C6ECDF0-2165-4420-9611-E89D8E0A68D0}"
EndProject
Project("{9A19103F-16F7-4668-BE54-9A1E7A4F7556}") = "Plk.Blazor.DragDrop", "..\blazor-dragdrop\Plk.Blazor.DragDrop\Plk.Blazor.DragDrop.csproj", "{15DD7E10-74B2-4191-9E68-9A32B191E88C}"
EndProject
Project("{2150E333-8FDC-42A3-9474-1A3956D46DE8}") = "Studio.Activities", "Studio.Activities", "{7AEA7B9A-C75C-48CF-857D-DDB13F9F82C3}"
EndProject
Project("{9A19103F-16F7-4668-BE54-9A1E7A4F7556}") = "Automaton.Studio.Activity", "Studio.Activities\Automaton.Studio.Activity\Automaton.Studio.Activity.csproj", "{F705196F-3738-4B33-97AF-D01930768023}"
EndProject
Project("{9A19103F-16F7-4668-BE54-9A1E7A4F7556}") = "Automaton.Studio.Activity.WriteLineTest", "Studio.Activities\Automaton.Studio.Activity.WriteLine\Automaton.Studio.Activity.WriteLineTest.csproj", "{47859A83-B11C-4F25-8E9D-68C57A783E5C}"
EndProject
Project("{9A19103F-16F7-4668-BE54-9A1E7A4F7556}") = "Automaton.Studio.Activities", "Automaton.Studio.Activities\Automaton.Studio.Activities.csproj", "{E707BCEE-1259-437A-B04A-306EF0717D47}"
EndProject
Global
	GlobalSection(SolutionConfigurationPlatforms) = preSolution
		Debug|Any CPU = Debug|Any CPU
		Release|Any CPU = Release|Any CPU
	EndGlobalSection
	GlobalSection(ProjectConfigurationPlatforms) = postSolution
		{13EDE8BF-E921-4AC3-A414-81AD263AD979}.Debug|Any CPU.ActiveCfg = Debug|Any CPU
		{13EDE8BF-E921-4AC3-A414-81AD263AD979}.Debug|Any CPU.Build.0 = Debug|Any CPU
		{13EDE8BF-E921-4AC3-A414-81AD263AD979}.Release|Any CPU.ActiveCfg = Release|Any CPU
		{13EDE8BF-E921-4AC3-A414-81AD263AD979}.Release|Any CPU.Build.0 = Release|Any CPU
		{550F4616-1194-49B6-B91E-F13D0E52720E}.Debug|Any CPU.ActiveCfg = Debug|Any CPU
		{550F4616-1194-49B6-B91E-F13D0E52720E}.Debug|Any CPU.Build.0 = Debug|Any CPU
		{550F4616-1194-49B6-B91E-F13D0E52720E}.Release|Any CPU.ActiveCfg = Release|Any CPU
		{550F4616-1194-49B6-B91E-F13D0E52720E}.Release|Any CPU.Build.0 = Release|Any CPU
		{E12DFF5D-7F16-4205-A397-255EDA870171}.Debug|Any CPU.ActiveCfg = Debug|Any CPU
		{E12DFF5D-7F16-4205-A397-255EDA870171}.Debug|Any CPU.Build.0 = Debug|Any CPU
		{E12DFF5D-7F16-4205-A397-255EDA870171}.Release|Any CPU.ActiveCfg = Release|Any CPU
		{E12DFF5D-7F16-4205-A397-255EDA870171}.Release|Any CPU.Build.0 = Release|Any CPU
		{BE05821D-5BE0-47C1-B2D0-9012BAE84C12}.Debug|Any CPU.ActiveCfg = Debug|Any CPU
		{BE05821D-5BE0-47C1-B2D0-9012BAE84C12}.Debug|Any CPU.Build.0 = Debug|Any CPU
		{BE05821D-5BE0-47C1-B2D0-9012BAE84C12}.Release|Any CPU.ActiveCfg = Release|Any CPU
		{BE05821D-5BE0-47C1-B2D0-9012BAE84C12}.Release|Any CPU.Build.0 = Release|Any CPU
		{6C6ECDF0-2165-4420-9611-E89D8E0A68D0}.Debug|Any CPU.ActiveCfg = Debug|Any CPU
		{6C6ECDF0-2165-4420-9611-E89D8E0A68D0}.Debug|Any CPU.Build.0 = Debug|Any CPU
		{6C6ECDF0-2165-4420-9611-E89D8E0A68D0}.Release|Any CPU.ActiveCfg = Release|Any CPU
		{6C6ECDF0-2165-4420-9611-E89D8E0A68D0}.Release|Any CPU.Build.0 = Release|Any CPU
		{15DD7E10-74B2-4191-9E68-9A32B191E88C}.Debug|Any CPU.ActiveCfg = Debug|Any CPU
		{15DD7E10-74B2-4191-9E68-9A32B191E88C}.Debug|Any CPU.Build.0 = Debug|Any CPU
		{15DD7E10-74B2-4191-9E68-9A32B191E88C}.Release|Any CPU.ActiveCfg = Release|Any CPU
		{15DD7E10-74B2-4191-9E68-9A32B191E88C}.Release|Any CPU.Build.0 = Release|Any CPU
		{F705196F-3738-4B33-97AF-D01930768023}.Debug|Any CPU.ActiveCfg = Debug|Any CPU
		{F705196F-3738-4B33-97AF-D01930768023}.Debug|Any CPU.Build.0 = Debug|Any CPU
		{F705196F-3738-4B33-97AF-D01930768023}.Release|Any CPU.ActiveCfg = Release|Any CPU
		{F705196F-3738-4B33-97AF-D01930768023}.Release|Any CPU.Build.0 = Release|Any CPU
		{47859A83-B11C-4F25-8E9D-68C57A783E5C}.Debug|Any CPU.ActiveCfg = Debug|Any CPU
		{47859A83-B11C-4F25-8E9D-68C57A783E5C}.Debug|Any CPU.Build.0 = Debug|Any CPU
		{47859A83-B11C-4F25-8E9D-68C57A783E5C}.Release|Any CPU.ActiveCfg = Release|Any CPU
		{47859A83-B11C-4F25-8E9D-68C57A783E5C}.Release|Any CPU.Build.0 = Release|Any CPU
		{E707BCEE-1259-437A-B04A-306EF0717D47}.Debug|Any CPU.ActiveCfg = Debug|Any CPU
		{E707BCEE-1259-437A-B04A-306EF0717D47}.Debug|Any CPU.Build.0 = Debug|Any CPU
		{E707BCEE-1259-437A-B04A-306EF0717D47}.Release|Any CPU.ActiveCfg = Release|Any CPU
		{E707BCEE-1259-437A-B04A-306EF0717D47}.Release|Any CPU.Build.0 = Release|Any CPU
	EndGlobalSection
	GlobalSection(SolutionProperties) = preSolution
		HideSolutionNode = FALSE
	EndGlobalSection
	GlobalSection(NestedProjects) = preSolution
		{F705196F-3738-4B33-97AF-D01930768023} = {7AEA7B9A-C75C-48CF-857D-DDB13F9F82C3}
		{47859A83-B11C-4F25-8E9D-68C57A783E5C} = {7AEA7B9A-C75C-48CF-857D-DDB13F9F82C3}
	EndGlobalSection
	GlobalSection(ExtensibilityGlobals) = postSolution
		SolutionGuid = {C5A89E79-D5BC-48DD-B0E4-72F011E38D0E}
	EndGlobalSection
EndGlobal
