
Microsoft Visual Studio Solution File, Format Version 12.00
# Visual Studio Version 16
VisualStudioVersion = 16.0.31105.61
MinimumVisualStudioVersion = 10.0.40219.1
Project("{9A19103F-16F7-4668-BE54-9A1E7A4F7556}") = "Automaton.Studio", "Automaton.Studio\Automaton.Studio.csproj", "{13EDE8BF-E921-4AC3-A414-81AD263AD979}"
EndProject
Project("{9A19103F-16F7-4668-BE54-9A1E7A4F7556}") = "Automaton.Common", "Automaton.Common\Automaton.Common.csproj", "{6D5966D5-9E69-4CFD-B126-2328D9D8B892}"
EndProject
Project("{9A19103F-16F7-4668-BE54-9A1E7A4F7556}") = "AntDesign", "..\ant-design-blazor\components\AntDesign.csproj", "{ADCBBAB2-87DD-416E-9E61-79EFF73E21C6}"
EndProject
Project("{9A19103F-16F7-4668-BE54-9A1E7A4F7556}") = "Plk.Blazor.DragDrop", "..\blazor-dragdrop\Plk.Blazor.DragDrop\Plk.Blazor.DragDrop.csproj", "{89EE9AE6-77CA-4713-AD29-0F8DBA5C1A64}"
EndProject
Project("{9A19103F-16F7-4668-BE54-9A1E7A4F7556}") = "Automaton.Studio.Activities", "Automaton.Studio.Activities\Automaton.Studio.Activities.csproj", "{55428F30-8CFD-4014-8220-E3C58E211FA0}"
EndProject
Project("{9A19103F-16F7-4668-BE54-9A1E7A4F7556}") = "Automaton.Studio.Activity", "Automaton.Studio.Activity\Automaton.Studio.Activity.csproj", "{AC66DD72-1713-4860-BD37-B616F65C3112}"
EndProject
Project("{2150E333-8FDC-42A3-9474-1A3956D46DE8}") = "ThirdParty", "ThirdParty", "{F8B5E808-1FCA-4977-89E4-DCBC9F6D2173}"
EndProject
Project("{2150E333-8FDC-42A3-9474-1A3956D46DE8}") = "Automaton.Activities", "Automaton.Activities", "{2F63D124-A0AB-45A9-B19D-7DD4678B0E14}"
EndProject
Project("{9A19103F-16F7-4668-BE54-9A1E7A4F7556}") = "Automaton.MessageBox", "Automaton.Activities\Automaton.MessageBox\Automaton.MessageBox.csproj", "{B20ADF96-8374-498E-9302-844C11B8D071}"
EndProject
Project("{2150E333-8FDC-42A3-9474-1A3956D46DE8}") = "Elsa", "Elsa", "{D11E2AE5-37CD-4F6F-96D6-C6B4732B8EA8}"
EndProject
Project("{9A19103F-16F7-4668-BE54-9A1E7A4F7556}") = "Elsa.Abstractions", "..\elsa-core\src\core\Elsa.Abstractions\Elsa.Abstractions.csproj", "{98A2E292-34C3-4D10-A97E-91A9E985796D}"
EndProject
Project("{9A19103F-16F7-4668-BE54-9A1E7A4F7556}") = "Elsa.Core", "..\elsa-core\src\core\Elsa.Core\Elsa.Core.csproj", "{EE9341F2-07D3-4F09-850A-728FF40FCCC7}"
EndProject
Project("{9A19103F-16F7-4668-BE54-9A1E7A4F7556}") = "Elsa.Server.Api", "..\elsa-core\src\server\Elsa.Server.Api\Elsa.Server.Api.csproj", "{0857031F-CB11-4D3C-A9CD-294F68CBA9B7}"
EndProject
Project("{9A19103F-16F7-4668-BE54-9A1E7A4F7556}") = "Elsa.Persistence.EntityFramework.Core", "..\elsa-core\src\persistence\Elsa.Persistence.EntityFramework\Elsa.Persistence.EntityFramework.Core\Elsa.Persistence.EntityFramework.Core.csproj", "{F220E9F9-3072-4921-9BF4-86D545885AB6}"
EndProject
Project("{9A19103F-16F7-4668-BE54-9A1E7A4F7556}") = "Elsa.Persistence.EntityFramework.SqlServer", "..\elsa-core\src\persistence\Elsa.Persistence.EntityFramework\Elsa.Persistence.EntityFramework.SqlServer\Elsa.Persistence.EntityFramework.SqlServer.csproj", "{ED69AE81-405F-4B47-B5CD-BB6AC7E5C057}"
EndProject
Project("{9A19103F-16F7-4668-BE54-9A1E7A4F7556}") = "Elsa.Activities.Console", "..\elsa-core\src\activities\Elsa.Activities.Console\Elsa.Activities.Console.csproj", "{9D43D9D4-FEB4-4C6B-A59D-11D82E1E31D1}"
EndProject
Global
	GlobalSection(SolutionConfigurationPlatforms) = preSolution
		Debug|Any CPU = Debug|Any CPU
		Release|Any CPU = Release|Any CPU
	EndGlobalSection
	GlobalSection(ProjectConfigurationPlatforms) = postSolution
		{13EDE8BF-E921-4AC3-A414-81AD263AD979}.Debug|Any CPU.ActiveCfg = Debug|Any CPU
		{13EDE8BF-E921-4AC3-A414-81AD263AD979}.Debug|Any CPU.Build.0 = Debug|Any CPU
		{13EDE8BF-E921-4AC3-A414-81AD263AD979}.Release|Any CPU.ActiveCfg = Release|Any CPU
		{13EDE8BF-E921-4AC3-A414-81AD263AD979}.Release|Any CPU.Build.0 = Release|Any CPU
		{6D5966D5-9E69-4CFD-B126-2328D9D8B892}.Debug|Any CPU.ActiveCfg = Debug|Any CPU
		{6D5966D5-9E69-4CFD-B126-2328D9D8B892}.Debug|Any CPU.Build.0 = Debug|Any CPU
		{6D5966D5-9E69-4CFD-B126-2328D9D8B892}.Release|Any CPU.ActiveCfg = Release|Any CPU
		{6D5966D5-9E69-4CFD-B126-2328D9D8B892}.Release|Any CPU.Build.0 = Release|Any CPU
		{ADCBBAB2-87DD-416E-9E61-79EFF73E21C6}.Debug|Any CPU.ActiveCfg = Debug|Any CPU
		{ADCBBAB2-87DD-416E-9E61-79EFF73E21C6}.Debug|Any CPU.Build.0 = Debug|Any CPU
		{ADCBBAB2-87DD-416E-9E61-79EFF73E21C6}.Release|Any CPU.ActiveCfg = Release|Any CPU
		{ADCBBAB2-87DD-416E-9E61-79EFF73E21C6}.Release|Any CPU.Build.0 = Release|Any CPU
		{89EE9AE6-77CA-4713-AD29-0F8DBA5C1A64}.Debug|Any CPU.ActiveCfg = Debug|Any CPU
		{89EE9AE6-77CA-4713-AD29-0F8DBA5C1A64}.Debug|Any CPU.Build.0 = Debug|Any CPU
		{89EE9AE6-77CA-4713-AD29-0F8DBA5C1A64}.Release|Any CPU.ActiveCfg = Release|Any CPU
		{89EE9AE6-77CA-4713-AD29-0F8DBA5C1A64}.Release|Any CPU.Build.0 = Release|Any CPU
		{55428F30-8CFD-4014-8220-E3C58E211FA0}.Debug|Any CPU.ActiveCfg = Debug|Any CPU
		{55428F30-8CFD-4014-8220-E3C58E211FA0}.Debug|Any CPU.Build.0 = Debug|Any CPU
		{55428F30-8CFD-4014-8220-E3C58E211FA0}.Release|Any CPU.ActiveCfg = Release|Any CPU
		{55428F30-8CFD-4014-8220-E3C58E211FA0}.Release|Any CPU.Build.0 = Release|Any CPU
		{AC66DD72-1713-4860-BD37-B616F65C3112}.Debug|Any CPU.ActiveCfg = Debug|Any CPU
		{AC66DD72-1713-4860-BD37-B616F65C3112}.Debug|Any CPU.Build.0 = Debug|Any CPU
		{AC66DD72-1713-4860-BD37-B616F65C3112}.Release|Any CPU.ActiveCfg = Release|Any CPU
		{AC66DD72-1713-4860-BD37-B616F65C3112}.Release|Any CPU.Build.0 = Release|Any CPU
		{B20ADF96-8374-498E-9302-844C11B8D071}.Debug|Any CPU.ActiveCfg = Debug|Any CPU
		{B20ADF96-8374-498E-9302-844C11B8D071}.Debug|Any CPU.Build.0 = Debug|Any CPU
		{B20ADF96-8374-498E-9302-844C11B8D071}.Release|Any CPU.ActiveCfg = Release|Any CPU
		{B20ADF96-8374-498E-9302-844C11B8D071}.Release|Any CPU.Build.0 = Release|Any CPU
		{98A2E292-34C3-4D10-A97E-91A9E985796D}.Debug|Any CPU.ActiveCfg = Debug|Any CPU
		{98A2E292-34C3-4D10-A97E-91A9E985796D}.Debug|Any CPU.Build.0 = Debug|Any CPU
		{98A2E292-34C3-4D10-A97E-91A9E985796D}.Release|Any CPU.ActiveCfg = Release|Any CPU
		{98A2E292-34C3-4D10-A97E-91A9E985796D}.Release|Any CPU.Build.0 = Release|Any CPU
		{EE9341F2-07D3-4F09-850A-728FF40FCCC7}.Debug|Any CPU.ActiveCfg = Debug|Any CPU
		{EE9341F2-07D3-4F09-850A-728FF40FCCC7}.Debug|Any CPU.Build.0 = Debug|Any CPU
		{EE9341F2-07D3-4F09-850A-728FF40FCCC7}.Release|Any CPU.ActiveCfg = Release|Any CPU
		{EE9341F2-07D3-4F09-850A-728FF40FCCC7}.Release|Any CPU.Build.0 = Release|Any CPU
		{0857031F-CB11-4D3C-A9CD-294F68CBA9B7}.Debug|Any CPU.ActiveCfg = Debug|Any CPU
		{0857031F-CB11-4D3C-A9CD-294F68CBA9B7}.Debug|Any CPU.Build.0 = Debug|Any CPU
		{0857031F-CB11-4D3C-A9CD-294F68CBA9B7}.Release|Any CPU.ActiveCfg = Release|Any CPU
		{0857031F-CB11-4D3C-A9CD-294F68CBA9B7}.Release|Any CPU.Build.0 = Release|Any CPU
		{F220E9F9-3072-4921-9BF4-86D545885AB6}.Debug|Any CPU.ActiveCfg = Debug|Any CPU
		{F220E9F9-3072-4921-9BF4-86D545885AB6}.Debug|Any CPU.Build.0 = Debug|Any CPU
		{F220E9F9-3072-4921-9BF4-86D545885AB6}.Release|Any CPU.ActiveCfg = Release|Any CPU
		{F220E9F9-3072-4921-9BF4-86D545885AB6}.Release|Any CPU.Build.0 = Release|Any CPU
		{ED69AE81-405F-4B47-B5CD-BB6AC7E5C057}.Debug|Any CPU.ActiveCfg = Debug|Any CPU
		{ED69AE81-405F-4B47-B5CD-BB6AC7E5C057}.Debug|Any CPU.Build.0 = Debug|Any CPU
		{ED69AE81-405F-4B47-B5CD-BB6AC7E5C057}.Release|Any CPU.ActiveCfg = Release|Any CPU
		{ED69AE81-405F-4B47-B5CD-BB6AC7E5C057}.Release|Any CPU.Build.0 = Release|Any CPU
		{9D43D9D4-FEB4-4C6B-A59D-11D82E1E31D1}.Debug|Any CPU.ActiveCfg = Debug|Any CPU
		{9D43D9D4-FEB4-4C6B-A59D-11D82E1E31D1}.Debug|Any CPU.Build.0 = Debug|Any CPU
		{9D43D9D4-FEB4-4C6B-A59D-11D82E1E31D1}.Release|Any CPU.ActiveCfg = Release|Any CPU
		{9D43D9D4-FEB4-4C6B-A59D-11D82E1E31D1}.Release|Any CPU.Build.0 = Release|Any CPU
	EndGlobalSection
	GlobalSection(SolutionProperties) = preSolution
		HideSolutionNode = FALSE
	EndGlobalSection
	GlobalSection(NestedProjects) = preSolution
		{ADCBBAB2-87DD-416E-9E61-79EFF73E21C6} = {F8B5E808-1FCA-4977-89E4-DCBC9F6D2173}
		{89EE9AE6-77CA-4713-AD29-0F8DBA5C1A64} = {F8B5E808-1FCA-4977-89E4-DCBC9F6D2173}
		{B20ADF96-8374-498E-9302-844C11B8D071} = {2F63D124-A0AB-45A9-B19D-7DD4678B0E14}
		{98A2E292-34C3-4D10-A97E-91A9E985796D} = {D11E2AE5-37CD-4F6F-96D6-C6B4732B8EA8}
		{EE9341F2-07D3-4F09-850A-728FF40FCCC7} = {D11E2AE5-37CD-4F6F-96D6-C6B4732B8EA8}
		{0857031F-CB11-4D3C-A9CD-294F68CBA9B7} = {D11E2AE5-37CD-4F6F-96D6-C6B4732B8EA8}
		{F220E9F9-3072-4921-9BF4-86D545885AB6} = {D11E2AE5-37CD-4F6F-96D6-C6B4732B8EA8}
		{ED69AE81-405F-4B47-B5CD-BB6AC7E5C057} = {D11E2AE5-37CD-4F6F-96D6-C6B4732B8EA8}
		{9D43D9D4-FEB4-4C6B-A59D-11D82E1E31D1} = {D11E2AE5-37CD-4F6F-96D6-C6B4732B8EA8}
	EndGlobalSection
	GlobalSection(ExtensibilityGlobals) = postSolution
		SolutionGuid = {C5A89E79-D5BC-48DD-B0E4-72F011E38D0E}
	EndGlobalSection
EndGlobal
