
Microsoft Visual Studio Solution File, Format Version 12.00
# Visual Studio Version 16
VisualStudioVersion = 16.0.31105.61
MinimumVisualStudioVersion = 10.0.40219.1
Project("{FAE04EC0-301F-11D3-BF4B-00C04F79EFBC}") = "Automaton.Studio", "Automaton.Studio\Automaton.Studio.csproj", "{13EDE8BF-E921-4AC3-A414-81AD263AD979}"
EndProject
Project("{9A19103F-16F7-4668-BE54-9A1E7A4F7556}") = "Automaton.Runner", "Automaton.Runner\Automaton.Runner.csproj", "{797FB75F-16CE-404B-A08D-7F1DBE311DD6}"
EndProject
Project("{9A19103F-16F7-4668-BE54-9A1E7A4F7556}") = "Automaton.Runner.Core", "Automaton.Runner.Core\Automaton.Runner.Core.csproj", "{23518AD5-F79A-4347-BADC-172F17F09723}"
EndProject
Global
	GlobalSection(SolutionConfigurationPlatforms) = preSolution
		Debug|Any CPU = Debug|Any CPU
		Release|Any CPU = Release|Any CPU
	EndGlobalSection
	GlobalSection(ProjectConfigurationPlatforms) = postSolution
		{13EDE8BF-E921-4AC3-A414-81AD263AD979}.Debug|Any CPU.ActiveCfg = Debug|Any CPU
		{13EDE8BF-E921-4AC3-A414-81AD263AD979}.Debug|Any CPU.Build.0 = Debug|Any CPU
		{13EDE8BF-E921-4AC3-A414-81AD263AD979}.Release|Any CPU.ActiveCfg = Release|Any CPU
		{13EDE8BF-E921-4AC3-A414-81AD263AD979}.Release|Any CPU.Build.0 = Release|Any CPU
		{797FB75F-16CE-404B-A08D-7F1DBE311DD6}.Debug|Any CPU.ActiveCfg = Debug|Any CPU
		{797FB75F-16CE-404B-A08D-7F1DBE311DD6}.Debug|Any CPU.Build.0 = Debug|Any CPU
		{797FB75F-16CE-404B-A08D-7F1DBE311DD6}.Release|Any CPU.ActiveCfg = Release|Any CPU
		{797FB75F-16CE-404B-A08D-7F1DBE311DD6}.Release|Any CPU.Build.0 = Release|Any CPU
		{23518AD5-F79A-4347-BADC-172F17F09723}.Debug|Any CPU.ActiveCfg = Debug|Any CPU
		{23518AD5-F79A-4347-BADC-172F17F09723}.Debug|Any CPU.Build.0 = Debug|Any CPU
		{23518AD5-F79A-4347-BADC-172F17F09723}.Release|Any CPU.ActiveCfg = Release|Any CPU
		{23518AD5-F79A-4347-BADC-172F17F09723}.Release|Any CPU.Build.0 = Release|Any CPU
	EndGlobalSection
	GlobalSection(SolutionProperties) = preSolution
		HideSolutionNode = FALSE
	EndGlobalSection
	GlobalSection(ExtensibilityGlobals) = postSolution
		SolutionGuid = {C5A89E79-D5BC-48DD-B0E4-72F011E38D0E}
	EndGlobalSection
EndGlobal
